
Microsoft Visual Studio Solution File, Format Version 12.00
# Visual Studio Version 16
VisualStudioVersion = 16.0.31321.278
MinimumVisualStudioVersion = 10.0.40219.1
Project("{FAE04EC0-301F-11D3-BF4B-00C04F79EFBC}") = "VoceSokovnik", "VoceSokovnik\VoceSokovnik.csproj", "{D519B4B0-FBD1-44A2-9406-7D8D9D22353D}"
EndProject
Global
	GlobalSection(SolutionConfigurationPlatforms) = preSolution
		Debug|Any CPU = Debug|Any CPU
		Release|Any CPU = Release|Any CPU
	EndGlobalSection
	GlobalSection(ProjectConfigurationPlatforms) = postSolution
		{D519B4B0-FBD1-44A2-9406-7D8D9D22353D}.Debug|Any CPU.ActiveCfg = Debug|Any CPU
		{D519B4B0-FBD1-44A2-9406-7D8D9D22353D}.Debug|Any CPU.Build.0 = Debug|Any CPU
		{D519B4B0-FBD1-44A2-9406-7D8D9D22353D}.Release|Any CPU.ActiveCfg = Release|Any CPU
		{D519B4B0-FBD1-44A2-9406-7D8D9D22353D}.Release|Any CPU.Build.0 = Release|Any CPU
	EndGlobalSection
	GlobalSection(SolutionProperties) = preSolution
		HideSolutionNode = FALSE
	EndGlobalSection
	GlobalSection(ExtensibilityGlobals) = postSolution
		SolutionGuid = {B51BEA40-8B83-4CE0-99E9-D4FA1E852350}
	EndGlobalSection
EndGlobal
